PODS:
  - Capacitor (5.0.3):
    - CapacitorCordova
  - CapacitorApp (5.0.2):
    - Capacitor
  - CapacitorAppLauncher (5.0.7):
    - Capacitor
  - CapacitorBrowser (5.0.2):
    - Capacitor
  - CapacitorCommunityBarcodeScanner (4.0.1):
    - Capacitor
  - CapacitorCommunityKeepAwake (4.0.0):
    - Capacitor
  - CapacitorCordova (5.0.3)
  - CapacitorDevice (5.0.2):
    - Capacitor
  - CapacitorDialog (5.0.2):
    - Capacitor
  - CapacitorFilesystem (5.0.2):
    - Capacitor
  - CapacitorFirebaseAnalytics (5.0.0):
    - Capacitor
    - CapacitorFirebaseAnalytics/Lite (= 5.0.0)
  - CapacitorFirebaseAnalytics/Lite (5.0.0):
    - Capacitor
  - CapacitorFirebaseMessaging (5.0.0):
    - Capacitor
    - FirebaseMessaging (= 10.8.0)
  - CapacitorFirebaseRemoteConfig (5.0.0):
    - Capacitor
    - FirebaseRemoteConfig (= 10.8.0)
  - CapacitorHaptics (5.0.2):
    - Capacitor
  - CapacitorKeyboard (5.0.2):
    - Capacitor
  - CapacitorLocalNotifications (5.0.2):
    - Capacitor
  - CapacitorSplashScreen (5.0.2):
    - Capacitor
  - CapacitorStatusBar (5.0.2):
    - Capacitor
  - CapacitorVoiceRecorder (5.0.0):
    - Capacitor
  - CordovaPlugins (5.0.3):
    - CapacitorCordova
  - FirebaseABTesting (10.20.0):
    - FirebaseCore (~> 10.0)
  - FirebaseCore (10.19.0):
    - FirebaseCoreInternal (~> 10.0)
    - GoogleUtilities/Environment (~> 7.12)
    - GoogleUtilities/Logger (~> 7.12)
  - FirebaseCoreInternal (10.20.0):
    - "GoogleUtilities/NSData+zlib (~> 7.8)"
  - FirebaseInstallations (10.20.0):
    - FirebaseCore (~> 10.0)
    - GoogleUtilities/Environment (~> 7.8)
    - GoogleUtilities/UserDefaults (~> 7.8)
    - PromisesObjC (~> 2.1)
  - FirebaseMessaging (10.8.0):
    - FirebaseCore (~> 10.0)
    - FirebaseInstallations (~> 10.0)
    - GoogleDataTransport (~> 9.2)
    - GoogleUtilities/AppDelegateSwizzler (~> 7.8)
    - GoogleUtilities/Environment (~> 7.8)
    - GoogleUtilities/Reachability (~> 7.8)
    - GoogleUtilities/UserDefaults (~> 7.8)
    - nanopb (< 2.30910.0, >= 2.30908.0)
  - FirebaseRemoteConfig (10.8.0):
    - FirebaseABTesting (~> 10.0)
    - FirebaseCore (~> 10.0)
    - FirebaseInstallations (~> 10.0)
    - GoogleUtilities/Environment (~> 7.8)
    - "GoogleUtilities/NSData+zlib (~> 7.8)"
  - GoogleDataTransport (9.3.0):
    - GoogleUtilities/Environment (~> 7.7)
    - nanopb (< 2.30910.0, >= 2.30908.0)
    - PromisesObjC (< 3.0, >= 1.2)
  - GoogleUtilities/AppDelegateSwizzler (7.12.0):
    - GoogleUtilities/Environment
    - GoogleUtilities/Logger
    - GoogleUtilities/Network
  - GoogleUtilities/Environment (7.12.0):
    - PromisesObjC (< 3.0, >= 1.2)
  - GoogleUtilities/Logger (7.12.0):
    - GoogleUtilities/Environment
  - GoogleUtilities/Network (7.12.0):
    - GoogleUtilities/Logger
    - "GoogleUtilities/NSData+zlib"
    - GoogleUtilities/Reachability
  - "GoogleUtilities/NSData+zlib (7.12.0)"
  - GoogleUtilities/Reachability (7.12.0):
    - GoogleUtilities/Logger
  - GoogleUtilities/UserDefaults (7.12.0):
    - GoogleUtilities/Logger
  - nanopb (2.30909.1):
    - nanopb/decode (= 2.30909.1)
    - nanopb/encode (= 2.30909.1)
  - nanopb/decode (2.30909.1)
  - nanopb/encode (2.30909.1)
  - PerfoodCapacitorHealthkit (1.3.0):
    - Capacitor
  - PromisesObjC (2.3.1)

DEPENDENCIES:
  - "Capacitor (from `../../node_modules/@capacitor/ios`)"
  - "CapacitorApp (from `../../node_modules/@capacitor/app`)"
  - "CapacitorAppLauncher (from `../../node_modules/@capacitor/app-launcher`)"
  - "CapacitorBrowser (from `../../node_modules/@capacitor/browser`)"
  - "CapacitorCommunityBarcodeScanner (from `../../node_modules/@capacitor-community/barcode-scanner`)"
  - "CapacitorCommunityKeepAwake (from `../../node_modules/@capacitor-community/keep-awake`)"
  - "CapacitorCordova (from `../../node_modules/@capacitor/ios`)"
  - "CapacitorDevice (from `../../node_modules/@capacitor/device`)"
  - "CapacitorDialog (from `../../node_modules/@capacitor/dialog`)"
  - "CapacitorFilesystem (from `../../node_modules/@capacitor/filesystem`)"
  - "CapacitorFirebaseAnalytics (from `../../node_modules/@capacitor-firebase/analytics`)"
  - "CapacitorFirebaseMessaging (from `../../node_modules/@capacitor-firebase/messaging`)"
  - "CapacitorFirebaseRemoteConfig (from `../../node_modules/@capacitor-firebase/remote-config`)"
  - "CapacitorHaptics (from `../../node_modules/@capacitor/haptics`)"
  - "CapacitorKeyboard (from `../../node_modules/@capacitor/keyboard`)"
  - "CapacitorLocalNotifications (from `../../node_modules/@capacitor/local-notifications`)"
  - "CapacitorSplashScreen (from `../../node_modules/@capacitor/splash-screen`)"
  - "CapacitorStatusBar (from `../../node_modules/@capacitor/status-bar`)"
  - CapacitorVoiceRecorder (from `../../node_modules/capacitor-voice-recorder`)
  - CordovaPlugins (from `../capacitor-cordova-ios-plugins`)
  - "PerfoodCapacitorHealthkit (from `../../node_modules/@perfood/capacitor-healthkit`)"

SPEC REPOS:
  trunk:
    - FirebaseABTesting
    - FirebaseCore
    - FirebaseCoreInternal
    - FirebaseInstallations
    - FirebaseMessaging
    - FirebaseRemoteConfig
    - GoogleDataTransport
    - GoogleUtilities
    - nanopb
    - PromisesObjC

EXTERNAL SOURCES:
  Capacitor:
    :path: "../../node_modules/@capacitor/ios"
  CapacitorApp:
    :path: "../../node_modules/@capacitor/app"
  CapacitorAppLauncher:
    :path: "../../node_modules/@capacitor/app-launcher"
  CapacitorBrowser:
    :path: "../../node_modules/@capacitor/browser"
  CapacitorCommunityBarcodeScanner:
    :path: "../../node_modules/@capacitor-community/barcode-scanner"
  CapacitorCommunityKeepAwake:
    :path: "../../node_modules/@capacitor-community/keep-awake"
  CapacitorCordova:
    :path: "../../node_modules/@capacitor/ios"
  CapacitorDevice:
    :path: "../../node_modules/@capacitor/device"
  CapacitorDialog:
    :path: "../../node_modules/@capacitor/dialog"
  CapacitorFilesystem:
    :path: "../../node_modules/@capacitor/filesystem"
  CapacitorFirebaseAnalytics:
    :path: "../../node_modules/@capacitor-firebase/analytics"
  CapacitorFirebaseMessaging:
    :path: "../../node_modules/@capacitor-firebase/messaging"
  CapacitorFirebaseRemoteConfig:
    :path: "../../node_modules/@capacitor-firebase/remote-config"
  CapacitorHaptics:
    :path: "../../node_modules/@capacitor/haptics"
  CapacitorKeyboard:
    :path: "../../node_modules/@capacitor/keyboard"
  CapacitorLocalNotifications:
    :path: "../../node_modules/@capacitor/local-notifications"
  CapacitorSplashScreen:
    :path: "../../node_modules/@capacitor/splash-screen"
  CapacitorStatusBar:
    :path: "../../node_modules/@capacitor/status-bar"
  CapacitorVoiceRecorder:
    :path: "../../node_modules/capacitor-voice-recorder"
  CordovaPlugins:
    :path: "../capacitor-cordova-ios-plugins"
  PerfoodCapacitorHealthkit:
    :path: "../../node_modules/@perfood/capacitor-healthkit"

SPEC CHECKSUMS:
  Capacitor: 304a960e431f9e6f78556554ca71c41c1b2b9680
  CapacitorApp: ff3f625ee3266e9e3f66a8900985920fa05bbf47
  CapacitorAppLauncher: e20e53bcc6500dd1a69a4702cf73e71ddafbcb2a
  CapacitorBrowser: a9d0a398a68a90567394676a8d8a1ec824c02ded
  CapacitorCommunityBarcodeScanner: a43bb14cec343f4defaf26cac281d799b25b90f0
  CapacitorCommunityKeepAwake: 5127ac2043946ccc83a3716b3961152b94ad37f9
  CapacitorCordova: def732a63679698df6fb392bbe6d269a0b61e937
  CapacitorDevice: adf98d46bfca2bd4f858bab8bc5b1dad1b3b86cd
  CapacitorDialog: cff37b6d3d1ea73bc41532359a0cbe2a5a25b0dd
  CapacitorFilesystem: 2c9a32fd0fe3615ce45e96899afa3d68a8db5e21
  CapacitorFirebaseAnalytics: 088dcf0e06205d2732f314a7dd0bc7c1ed2941b7
  CapacitorFirebaseMessaging: f9f851914310468918b906a775d26a9e5005bc6d
  CapacitorFirebaseRemoteConfig: d0962aef1e270fa3917abb8a42b7e6385bd1d8f1
  CapacitorHaptics: d5e6ffa733d50c2ffcc79b191bf14547505744d4
  CapacitorKeyboard: 18b2e25f50503780d4454ff308d19533d459c2b8
  CapacitorLocalNotifications: f557862c3ea93f49422eef5a49e087923a8178e9
  CapacitorSplashScreen: d22414cbe4bf1730e35cb06eabc4d3cc2f813148
  CapacitorStatusBar: 5d6e5b15d447d3d493b0b50ff32b58e551c7840f
  CapacitorVoiceRecorder: 872ea857b497ce2c71afe3e4eb5de0a74290c0db
  CordovaPlugins: cdabf8459cca3fdfc48637eaca7bed66fd45e8fb
  FirebaseABTesting: 1d5d49804bcfc5fa782bc2491a8c1364e2cf7241
  FirebaseCore: dc5c7badf99d47613c52b2e3a57a64cd187f8554
  FirebaseCoreInternal: efeeb171ac02d623bdaefe121539939821e10811
  FirebaseInstallations: 558b1da7d65afeb996fd5c814332f013234ece4e
  FirebaseMessaging: 16c395d01ecd269357c5b86abe662851fff98236
  FirebaseRemoteConfig: ffd8c40611809c92526783da146be93a15cc3f00
  GoogleDataTransport: 57c22343ab29bc686febbf7cbb13bad167c2d8fe
  GoogleUtilities: 0759d1a57ebb953965c2dfe0ba4c82e95ccc2e34
  nanopb: d4d75c12cd1316f4a64e3c6963f879ecd4b5e0d5
  PerfoodCapacitorHealthkit: ae738715747e2810dc0cd01211b498fea393ae08
  PromisesObjC: c50d2056b5253dadbd6c2bea79b0674bd5a52fa4

PODFILE CHECKSUM: a9c850414836c6b196ac9a6b720cc1e05a2c44ba

COCOAPODS: 1.14.3
